// !$*UTF8*$!
{
	archiveVersion = 1;
	classes = {
	};
	objectVersion = 46;
	objects = {

/* Begin PBXBuildFile section */
		363C4AE71A1382EA005D2DAB /* AppDelegate.swift in Sources */ = {isa = PBXBuildFile; fileRef = 363C4AE61A1382EA005D2DAB /* AppDelegate.swift */; };
		363C4AE91A1382EA005D2DAB /* ViewController.swift in Sources */ = {isa = PBXBuildFile; fileRef = 363C4AE81A1382EA005D2DAB /* ViewController.swift */; };
		363C4AEB1A1382EA005D2DAB /* Images.xcassets in Resources */ = {isa = PBXBuildFile; fileRef = 363C4AEA1A1382EA005D2DAB /* Images.xcassets */; };
		363C4AEE1A1382EA005D2DAB /* Main.storyboard in Resources */ = {isa = PBXBuildFile; fileRef = 363C4AEC1A1382EA005D2DAB /* Main.storyboard */; };
		36BFD9791A175EAE00D6BDD5 /* DiffMatchPatch.framework in Copy Frameworks */ = {isa = PBXBuildFile; fileRef = 36BFD9711A175E6700D6BDD5 /* DiffMatchPatch.framework */; settings = {ATTRIBUTES = (CodeSignOnCopy, RemoveHeadersOnCopy, ); }; };
		36BFD9821A176BD700D6BDD5 /* VDKQueue.m in Sources */ = {isa = PBXBuildFile; fileRef = 36BFD9801A176BD700D6BDD5 /* VDKQueue.m */; };
		36C159EF1A15EA5E00A8BA60 /* watch_file.py in Resources */ = {isa = PBXBuildFile; fileRef = 36C159EE1A15EA5E00A8BA60 /* watch_file.py */; };
		36DFD1801A14840C00B8C40C /* WatchedFile.swift in Sources */ = {isa = PBXBuildFile; fileRef = 36DFD17F1A14840C00B8C40C /* WatchedFile.swift */; };
/* End PBXBuildFile section */

/* Begin PBXContainerItemProxy section */
		36BFD9701A175E6700D6BDD5 /* PBXContainerItemProxy */ = {
			isa = PBXContainerItemProxy;
			containerPortal = 36BFD9691A175E6700D6BDD5 /* DiffMatchPatch.xcodeproj */;
			proxyType = 2;
			remoteGlobalIDString = 8DC2EF5B0486A6940098B216;
			remoteInfo = DiffMatchPatch;
		};
		36BFD9721A175E6700D6BDD5 /* PBXContainerItemProxy */ = {
			isa = PBXContainerItemProxy;
			containerPortal = 36BFD9691A175E6700D6BDD5 /* DiffMatchPatch.xcodeproj */;
			proxyType = 2;
			remoteGlobalIDString = 3D5BC0AF128CA8E200B8F5FF;
			remoteInfo = DiffMatchPatchTest;
		};
		36BFD9741A175E6700D6BDD5 /* PBXContainerItemProxy */ = {
			isa = PBXContainerItemProxy;
			containerPortal = 36BFD9691A175E6700D6BDD5 /* DiffMatchPatch.xcodeproj */;
			proxyType = 2;
			remoteGlobalIDString = 3D96F3A212AFC68900C3E5C0;
			remoteInfo = speedtest;
		};
		36BFD9761A175E6700D6BDD5 /* PBXContainerItemProxy */ = {
			isa = PBXContainerItemProxy;
			containerPortal = 36BFD9691A175E6700D6BDD5 /* DiffMatchPatch.xcodeproj */;
			proxyType = 2;
			remoteGlobalIDString = 3D03488E135F75460051FE16;
			remoteInfo = "mode-test";
		};
		36BFD97A1A175EBA00D6BDD5 /* PBXContainerItemProxy */ = {
			isa = PBXContainerItemProxy;
			containerPortal = 36BFD9691A175E6700D6BDD5 /* DiffMatchPatch.xcodeproj */;
			proxyType = 1;
			remoteGlobalIDString = 8DC2EF4F0486A6940098B216;
			remoteInfo = DiffMatchPatch;
		};
/* End PBXContainerItemProxy section */

/* Begin PBXCopyFilesBuildPhase section */
		36BFD9781A175E9E00D6BDD5 /* Copy Frameworks */ = {
			isa = PBXCopyFilesBuildPhase;
			buildActionMask = 2147483647;
			dstPath = "";
			dstSubfolderSpec = 10;
			files = (
				36BFD9791A175EAE00D6BDD5 /* DiffMatchPatch.framework in Copy Frameworks */,
			);
			name = "Copy Frameworks";
			runOnlyForDeploymentPostprocessing = 0;
		};
/* End PBXCopyFilesBuildPhase section */

/* Begin PBXFileReference section */
		363C4AE11A1382EA005D2DAB /* Pairbutton.app */ = {isa = PBXFileReference; explicitFileType = wrapper.application; includeInIndex = 0; path = Pairbutton.app; sourceTree = BUILT_PRODUCTS_DIR; };
		363C4AE51A1382EA005D2DAB /* Info.plist */ = {isa = PBXFileReference; lastKnownFileType = text.plist.xml; path = Info.plist; sourceTree = "<group>"; };
		363C4AE61A1382EA005D2DAB /* AppDelegate.swift */ = {isa = PBXFileReference; lastKnownFileType = sourcecode.swift; path = AppDelegate.swift; sourceTree = "<group>"; };
		363C4AE81A1382EA005D2DAB /* ViewController.swift */ = {isa = PBXFileReference; lastKnownFileType = sourcecode.swift; path = ViewController.swift; sourceTree = "<group>"; };
		363C4AEA1A1382EA005D2DAB /* Images.xcassets */ = {isa = PBXFileReference; lastKnownFileType = folder.assetcatalog; path = Images.xcassets; sourceTree = "<group>"; };
		363C4AED1A1382EA005D2DAB /* Base */ = {isa = PBXFileReference; lastKnownFileType = file.storyboard; name = Base; path = Base.lproj/Main.storyboard; sourceTree = "<group>"; };
		36BFD9691A175E6700D6BDD5 /* DiffMatchPatch.xcodeproj */ = {isa = PBXFileReference; lastKnownFileType = "wrapper.pb-project"; name = DiffMatchPatch.xcodeproj; path = "diff-match-patch/DiffMatchPatch.xcodeproj"; sourceTree = SOURCE_ROOT; };
		36BFD9801A176BD700D6BDD5 /* VDKQueue.m */ = {isa = PBXFileReference; fileEncoding = 4; lastKnownFileType = sourcecode.c.objc; path = VDKQueue.m; sourceTree = "<group>"; };
		36BFD9811A176BD700D6BDD5 /* VDKQueue.h */ = {isa = PBXFileReference; fileEncoding = 4; lastKnownFileType = sourcecode.c.h; path = VDKQueue.h; sourceTree = "<group>"; };
		36C159EA1A15E95D00A8BA60 /* Pairbutton-Bridging-Header.h */ = {isa = PBXFileReference; lastKnownFileType = sourcecode.c.h; path = "Pairbutton-Bridging-Header.h"; sourceTree = "<group>"; };
		36C159EE1A15EA5E00A8BA60 /* watch_file.py */ = {isa = PBXFileReference; fileEncoding = 4; lastKnownFileType = text.script.python; path = watch_file.py; sourceTree = "<group>"; };
		36DFD17F1A14840C00B8C40C /* WatchedFile.swift */ = {isa = PBXFileReference; fileEncoding = 4; lastKnownFileType = sourcecode.swift; path = WatchedFile.swift; sourceTree = "<group>"; };
/* End PBXFileReference section */

/* Begin PBXFrameworksBuildPhase section */
		363C4ADE1A1382EA005D2DAB /* Frameworks */ = {
			isa = PBXFrameworksBuildPhase;
			buildActionMask = 2147483647;
			files = (
			);
			runOnlyForDeploymentPostprocessing = 0;
		};
/* End PBXFrameworksBuildPhase section */

/* Begin PBXGroup section */
		363C4AD81A1382EA005D2DAB = {
			isa = PBXGroup;
			children = (
				363C4AE31A1382EA005D2DAB /* Pairbutton */,
				3677014E1A171C6300773DA9 /* Vendor */,
				363C4AE21A1382EA005D2DAB /* Products */,
			);
			sourceTree = "<group>";
		};
		363C4AE21A1382EA005D2DAB /* Products */ = {
			isa = PBXGroup;
			children = (
				363C4AE11A1382EA005D2DAB /* Pairbutton.app */,
			);
			name = Products;
			sourceTree = "<group>";
		};
		363C4AE31A1382EA005D2DAB /* Pairbutton */ = {
			isa = PBXGroup;
			children = (
				363C4AEC1A1382EA005D2DAB /* Main.storyboard */,
				363C4AE61A1382EA005D2DAB /* AppDelegate.swift */,
				363C4AE81A1382EA005D2DAB /* ViewController.swift */,
				36DFD17F1A14840C00B8C40C /* WatchedFile.swift */,
				363C4AEA1A1382EA005D2DAB /* Images.xcassets */,
				363C4AE41A1382EA005D2DAB /* Supporting Files */,
			);
			path = Pairbutton;
			sourceTree = "<group>";
		};
		363C4AE41A1382EA005D2DAB /* Supporting Files */ = {
			isa = PBXGroup;
			children = (
				36C159EA1A15E95D00A8BA60 /* Pairbutton-Bridging-Header.h */,
				363C4AE51A1382EA005D2DAB /* Info.plist */,
				36C159EE1A15EA5E00A8BA60 /* watch_file.py */,
			);
			name = "Supporting Files";
			sourceTree = "<group>";
		};
		3677014E1A171C6300773DA9 /* Vendor */ = {
			isa = PBXGroup;
			children = (
				36BFD97C1A1769AC00D6BDD5 /* VDKQueue */,
				36BFD9691A175E6700D6BDD5 /* DiffMatchPatch.xcodeproj */,
			);
			name = Vendor;
			path = Pairbutton;
			sourceTree = "<group>";
		};
		36BFD96A1A175E6700D6BDD5 /* Products */ = {
			isa = PBXGroup;
			children = (
				36BFD9711A175E6700D6BDD5 /* DiffMatchPatch.framework */,
				36BFD9731A175E6700D6BDD5 /* DiffMatchPatchTest.octest */,
				36BFD9751A175E6700D6BDD5 /* speedtest */,
				36BFD9771A175E6700D6BDD5 /* mode-test */,
			);
			name = Products;
			sourceTree = "<group>";
		};
		36BFD97C1A1769AC00D6BDD5 /* VDKQueue */ = {
			isa = PBXGroup;
			children = (
				36BFD9801A176BD700D6BDD5 /* VDKQueue.m */,
				36BFD9811A176BD700D6BDD5 /* VDKQueue.h */,
			);
			name = VDKQueue;
			sourceTree = "<group>";
		};
/* End PBXGroup section */

/* Begin PBXNativeTarget section */
		363C4AE01A1382EA005D2DAB /* Pairbutton */ = {
			isa = PBXNativeTarget;
			buildConfigurationList = 363C4AFD1A1382EA005D2DAB /* Build configuration list for PBXNativeTarget "Pairbutton" */;
			buildPhases = (
				363C4ADD1A1382EA005D2DAB /* Sources */,
				363C4ADE1A1382EA005D2DAB /* Frameworks */,
				363C4ADF1A1382EA005D2DAB /* Resources */,
				36BFD9781A175E9E00D6BDD5 /* Copy Frameworks */,
			);
			buildRules = (
			);
			dependencies = (
				36BFD97B1A175EBA00D6BDD5 /* PBXTargetDependency */,
			);
			name = Pairbutton;
			productName = Pairbutton;
			productReference = 363C4AE11A1382EA005D2DAB /* Pairbutton.app */;
			productType = "com.apple.product-type.application";
		};
/* End PBXNativeTarget section */

/* Begin PBXProject section */
		363C4AD91A1382EA005D2DAB /* Project object */ = {
			isa = PBXProject;
			attributes = {
				LastUpgradeCheck = 0610;
				ORGANIZATIONNAME = "Kestrel Development";
				TargetAttributes = {
					363C4AE01A1382EA005D2DAB = {
						CreatedOnToolsVersion = 6.1;
					};
				};
			};
			buildConfigurationList = 363C4ADC1A1382EA005D2DAB /* Build configuration list for PBXProject "Pairbutton" */;
			compatibilityVersion = "Xcode 3.2";
			developmentRegion = English;
			hasScannedForEncodings = 0;
			knownRegions = (
				en,
				Base,
				English,
			);
			mainGroup = 363C4AD81A1382EA005D2DAB;
			productRefGroup = 363C4AE21A1382EA005D2DAB /* Products */;
			projectDirPath = "";
			projectReferences = (
				{
					ProductGroup = 36BFD96A1A175E6700D6BDD5 /* Products */;
					ProjectRef = 36BFD9691A175E6700D6BDD5 /* DiffMatchPatch.xcodeproj */;
				},
			);
			projectRoot = "";
			targets = (
				363C4AE01A1382EA005D2DAB /* Pairbutton */,
			);
		};
/* End PBXProject section */

/* Begin PBXReferenceProxy section */
		36BFD9711A175E6700D6BDD5 /* DiffMatchPatch.framework */ = {
			isa = PBXReferenceProxy;
			fileType = wrapper.framework;
			path = DiffMatchPatch.framework;
			remoteRef = 36BFD9701A175E6700D6BDD5 /* PBXContainerItemProxy */;
			sourceTree = BUILT_PRODUCTS_DIR;
		};
		36BFD9731A175E6700D6BDD5 /* DiffMatchPatchTest.octest */ = {
			isa = PBXReferenceProxy;
			fileType = wrapper.cfbundle;
			path = DiffMatchPatchTest.octest;
			remoteRef = 36BFD9721A175E6700D6BDD5 /* PBXContainerItemProxy */;
			sourceTree = BUILT_PRODUCTS_DIR;
		};
		36BFD9751A175E6700D6BDD5 /* speedtest */ = {
			isa = PBXReferenceProxy;
			fileType = "compiled.mach-o.executable";
			path = speedtest;
			remoteRef = 36BFD9741A175E6700D6BDD5 /* PBXContainerItemProxy */;
			sourceTree = BUILT_PRODUCTS_DIR;
		};
		36BFD9771A175E6700D6BDD5 /* mode-test */ = {
			isa = PBXReferenceProxy;
			fileType = "compiled.mach-o.executable";
			path = "mode-test";
			remoteRef = 36BFD9761A175E6700D6BDD5 /* PBXContainerItemProxy */;
			sourceTree = BUILT_PRODUCTS_DIR;
		};
/* End PBXReferenceProxy section */

/* Begin PBXResourcesBuildPhase section */
		363C4ADF1A1382EA005D2DAB /* Resources */ = {
			isa = PBXResourcesBuildPhase;
			buildActionMask = 2147483647;
			files = (
				363C4AEB1A1382EA005D2DAB /* Images.xcassets in Resources */,
				363C4AEE1A1382EA005D2DAB /* Main.storyboard in Resources */,
				36C159EF1A15EA5E00A8BA60 /* watch_file.py in Resources */,
			);
			runOnlyForDeploymentPostprocessing = 0;
		};
/* End PBXResourcesBuildPhase section */

/* Begin PBXSourcesBuildPhase section */
		363C4ADD1A1382EA005D2DAB /* Sources */ = {
			isa = PBXSourcesBuildPhase;
			buildActionMask = 2147483647;
			files = (
				36DFD1801A14840C00B8C40C /* WatchedFile.swift in Sources */,
				363C4AE91A1382EA005D2DAB /* ViewController.swift in Sources */,
				363C4AE71A1382EA005D2DAB /* AppDelegate.swift in Sources */,
				36BFD9821A176BD700D6BDD5 /* VDKQueue.m in Sources */,
			);
			runOnlyForDeploymentPostprocessing = 0;
		};
/* End PBXSourcesBuildPhase section */

/* Begin PBXTargetDependency section */
		36BFD97B1A175EBA00D6BDD5 /* PBXTargetDependency */ = {
			isa = PBXTargetDependency;
			name = DiffMatchPatch;
			targetProxy = 36BFD97A1A175EBA00D6BDD5 /* PBXContainerItemProxy */;
		};
/* End PBXTargetDependency section */

/* Begin PBXVariantGroup section */
		363C4AEC1A1382EA005D2DAB /* Main.storyboard */ = {
			isa = PBXVariantGroup;
			children = (
				363C4AED1A1382EA005D2DAB /* Base */,
			);
			name = Main.storyboard;
			sourceTree = "<group>";
		};
/* End PBXVariantGroup section */

/* Begin XCBuildConfiguration section */
		363C4AFB1A1382EA005D2DAB /* Debug */ = {
			isa = XCBuildConfiguration;
			buildSettings = {
				ALWAYS_SEARCH_USER_PATHS = NO;
				CLANG_CXX_LANGUAGE_STANDARD = "gnu++0x";
				CLANG_CXX_LIBRARY = "libc++";
				CLANG_ENABLE_MODULES = YES;
				CLANG_ENABLE_OBJC_ARC = YES;
				CLANG_WARN_BOOL_CONVERSION = YES;
				CLANG_WARN_CONSTANT_CONVERSION = YES;
				CLANG_WARN_DIRECT_OBJC_ISA_USAGE = YES_ERROR;
				CLANG_WARN_EMPTY_BODY = YES;
				CLANG_WARN_ENUM_CONVERSION = YES;
				CLANG_WARN_INT_CONVERSION = YES;
				CLANG_WARN_OBJC_ROOT_CLASS = YES_ERROR;
				CLANG_WARN_UNREACHABLE_CODE = YES;
				CLANG_WARN__DUPLICATE_METHOD_MATCH = YES;
				CODE_SIGN_IDENTITY = "-";
				COPY_PHASE_STRIP = NO;
				ENABLE_STRICT_OBJC_MSGSEND = YES;
				GCC_C_LANGUAGE_STANDARD = gnu99;
				GCC_DYNAMIC_NO_PIC = NO;
				GCC_OPTIMIZATION_LEVEL = 0;
				GCC_PREPROCESSOR_DEFINITIONS = (
					"DEBUG=1",
					"$(inherited)",
				);
				GCC_SYMBOLS_PRIVATE_EXTERN = NO;
				GCC_WARN_64_TO_32_BIT_CONVERSION = YES;
				GCC_WARN_ABOUT_RETURN_TYPE = YES_ERROR;
				GCC_WARN_UNDECLARED_SELECTOR = YES;
				GCC_WARN_UNINITIALIZED_AUTOS = YES_AGGRESSIVE;
				GCC_WARN_UNUSED_FUNCTION = YES;
				GCC_WARN_UNUSED_VARIABLE = YES;
				MACOSX_DEPLOYMENT_TARGET = 10.10;
				MTL_ENABLE_DEBUG_INFO = YES;
				ONLY_ACTIVE_ARCH = YES;
				SDKROOT = macosx;
				SWIFT_OPTIMIZATION_LEVEL = "-Onone";
			};
			name = Debug;
		};
		363C4AFC1A1382EA005D2DAB /* Release */ = {
			isa = XCBuildConfiguration;
			buildSettings = {
				ALWAYS_SEARCH_USER_PATHS = NO;
				CLANG_CXX_LANGUAGE_STANDARD = "gnu++0x";
				CLANG_CXX_LIBRARY = "libc++";
				CLANG_ENABLE_MODULES = YES;
				CLANG_ENABLE_OBJC_ARC = YES;
				CLANG_WARN_BOOL_CONVERSION = YES;
				CLANG_WARN_CONSTANT_CONVERSION = YES;
				CLANG_WARN_DIRECT_OBJC_ISA_USAGE = YES_ERROR;
				CLANG_WARN_EMPTY_BODY = YES;
				CLANG_WARN_ENUM_CONVERSION = YES;
				CLANG_WARN_INT_CONVERSION = YES;
				CLANG_WARN_OBJC_ROOT_CLASS = YES_ERROR;
				CLANG_WARN_UNREACHABLE_CODE = YES;
				CLANG_WARN__DUPLICATE_METHOD_MATCH = YES;
				CODE_SIGN_IDENTITY = "-";
				COPY_PHASE_STRIP = YES;
				DEBUG_INFORMATION_FORMAT = "dwarf-with-dsym";
				ENABLE_NS_ASSERTIONS = NO;
				ENABLE_STRICT_OBJC_MSGSEND = YES;
				GCC_C_LANGUAGE_STANDARD = gnu99;
				GCC_WARN_64_TO_32_BIT_CONVERSION = YES;
				GCC_WARN_ABOUT_RETURN_TYPE = YES_ERROR;
				GCC_WARN_UNDECLARED_SELECTOR = YES;
				GCC_WARN_UNINITIALIZED_AUTOS = YES_AGGRESSIVE;
				GCC_WARN_UNUSED_FUNCTION = YES;
				GCC_WARN_UNUSED_VARIABLE = YES;
				MACOSX_DEPLOYMENT_TARGET = 10.10;
				MTL_ENABLE_DEBUG_INFO = NO;
				SDKROOT = macosx;
			};
			name = Release;
		};
		363C4AFE1A1382EA005D2DAB /* Debug */ = {
			isa = XCBuildConfiguration;
			buildSettings = {
				ASSETCATALOG_COMPILER_APPICON_NAME = AppIcon;
				CLANG_ENABLE_MODULES = YES;
				COMBINE_HIDPI_IMAGES = YES;
				INFOPLIST_FILE = Pairbutton/Info.plist;
				LD_RUNPATH_SEARCH_PATHS = "$(inherited) @executable_path/../Frameworks";
				PRODUCT_NAME = "$(TARGET_NAME)";
				SWIFT_OBJC_BRIDGING_HEADER = "Pairbutton/Pairbutton-Bridging-Header.h";
				SWIFT_OPTIMIZATION_LEVEL = "-Onone";
			};
			name = Debug;
		};
		363C4AFF1A1382EA005D2DAB /* Release */ = {
			isa = XCBuildConfiguration;
			buildSettings = {
				ASSETCATALOG_COMPILER_APPICON_NAME = AppIcon;
				CLANG_ENABLE_MODULES = YES;
				COMBINE_HIDPI_IMAGES = YES;
				INFOPLIST_FILE = Pairbutton/Info.plist;
				LD_RUNPATH_SEARCH_PATHS = "$(inherited) @executable_path/../Frameworks";
				PRODUCT_NAME = "$(TARGET_NAME)";
				SWIFT_OBJC_BRIDGING_HEADER = "Pairbutton/Pairbutton-Bridging-Header.h";
			};
			name = Release;
		};
/* End XCBuildConfiguration section */

/* Begin XCConfigurationList section */
		363C4ADC1A1382EA005D2DAB /* Build configuration list for PBXProject "Pairbutton" */ = {
			isa = XCConfigurationList;
			buildConfigurations = (
				363C4AFB1A1382EA005D2DAB /* Debug */,
				363C4AFC1A1382EA005D2DAB /* Release */,
			);
			defaultConfigurationIsVisible = 0;
			defaultConfigurationName = Release;
		};
		363C4AFD1A1382EA005D2DAB /* Build configuration list for PBXNativeTarget "Pairbutton" */ = {
			isa = XCConfigurationList;
			buildConfigurations = (
				363C4AFE1A1382EA005D2DAB /* Debug */,
				363C4AFF1A1382EA005D2DAB /* Release */,
			);
			defaultConfigurationIsVisible = 0;
			defaultConfigurationName = Release;
		};
/* End XCConfigurationList section */
	};
	rootObject = 363C4AD91A1382EA005D2DAB /* Project object */;
}
