// !$*UTF8*$!
{
	archiveVersion = 1;
	classes = {
	};
	objectVersion = 46;
	objects = {

/* Begin PBXBuildFile section */
		363C4AE71A1382EA005D2DAB /* AppDelegate.swift in Sources */ = {isa = PBXBuildFile; fileRef = 363C4AE61A1382EA005D2DAB /* AppDelegate.swift */; };
		363C4AE91A1382EA005D2DAB /* ViewController.swift in Sources */ = {isa = PBXBuildFile; fileRef = 363C4AE81A1382EA005D2DAB /* ViewController.swift */; };
		363C4AEB1A1382EA005D2DAB /* Images.xcassets in Resources */ = {isa = PBXBuildFile; fileRef = 363C4AEA1A1382EA005D2DAB /* Images.xcassets */; };
		363C4AEE1A1382EA005D2DAB /* Main.storyboard in Resources */ = {isa = PBXBuildFile; fileRef = 363C4AEC1A1382EA005D2DAB /* Main.storyboard */; };
		3677E5551A2B0F5600B7771F /* StringMD5.swift in Sources */ = {isa = PBXBuildFile; fileRef = 3677E5541A2B0F5600B7771F /* StringMD5.swift */; };
		36DFD1801A14840C00B8C40C /* WatchedFile.swift in Sources */ = {isa = PBXBuildFile; fileRef = 36DFD17F1A14840C00B8C40C /* WatchedFile.swift */; };
		36F6B3041A23B9F500E391F5 /* VDKQueue.m in Sources */ = {isa = PBXBuildFile; fileRef = 36F6B3031A23B9F500E391F5 /* VDKQueue.m */; };
		D5F7389ED58D1F19E1122BC8 /* libPods-Pairbutton.a in Frameworks */ = {isa = PBXBuildFile; fileRef = 7B2263081F81E61041960341 /* libPods-Pairbutton.a */; };
/* End PBXBuildFile section */

/* Begin PBXCopyFilesBuildPhase section */
		36BFD9781A175E9E00D6BDD5 /* Copy Frameworks */ = {
			isa = PBXCopyFilesBuildPhase;
			buildActionMask = 2147483647;
			dstPath = "";
			dstSubfolderSpec = 10;
			files = (
			);
			name = "Copy Frameworks";
			runOnlyForDeploymentPostprocessing = 0;
		};
/* End PBXCopyFilesBuildPhase section */

/* Begin PBXFileReference section */
		363C4AE11A1382EA005D2DAB /* Pairbutton.app */ = {isa = PBXFileReference; explicitFileType = wrapper.application; includeInIndex = 0; path = Pairbutton.app; sourceTree = BUILT_PRODUCTS_DIR; };
		363C4AE51A1382EA005D2DAB /* Info.plist */ = {isa = PBXFileReference; lastKnownFileType = text.plist.xml; path = Info.plist; sourceTree = "<group>"; };
		363C4AE61A1382EA005D2DAB /* AppDelegate.swift */ = {isa = PBXFileReference; lastKnownFileType = sourcecode.swift; path = AppDelegate.swift; sourceTree = "<group>"; };
		363C4AE81A1382EA005D2DAB /* ViewController.swift */ = {isa = PBXFileReference; lastKnownFileType = sourcecode.swift; path = ViewController.swift; sourceTree = "<group>"; };
		363C4AEA1A1382EA005D2DAB /* Images.xcassets */ = {isa = PBXFileReference; lastKnownFileType = folder.assetcatalog; path = Images.xcassets; sourceTree = "<group>"; };
		363C4AED1A1382EA005D2DAB /* Base */ = {isa = PBXFileReference; lastKnownFileType = file.storyboard; name = Base; path = Base.lproj/Main.storyboard; sourceTree = "<group>"; };
		3677E5541A2B0F5600B7771F /* StringMD5.swift */ = {isa = PBXFileReference; fileEncoding = 4; lastKnownFileType = sourcecode.swift; name = StringMD5.swift; path = Helpers/StringMD5.swift; sourceTree = "<group>"; };
		36C159EA1A15E95D00A8BA60 /* Pairbutton-Bridging-Header.h */ = {isa = PBXFileReference; lastKnownFileType = sourcecode.c.h; path = "Pairbutton-Bridging-Header.h"; sourceTree = "<group>"; };
		36DFD17F1A14840C00B8C40C /* WatchedFile.swift */ = {isa = PBXFileReference; fileEncoding = 4; lastKnownFileType = sourcecode.swift; path = WatchedFile.swift; sourceTree = "<group>"; };
		36F6B3021A23B9F500E391F5 /* VDKQueue.h */ = {isa = PBXFileReference; fileEncoding = 4; lastKnownFileType = sourcecode.c.h; path = VDKQueue.h; sourceTree = "<group>"; };
		36F6B3031A23B9F500E391F5 /* VDKQueue.m */ = {isa = PBXFileReference; fileEncoding = 4; lastKnownFileType = sourcecode.c.objc; path = VDKQueue.m; sourceTree = "<group>"; };
		7B2263081F81E61041960341 /* libPods-Pairbutton.a */ = {isa = PBXFileReference; explicitFileType = archive.ar; includeInIndex = 0; path = "libPods-Pairbutton.a"; sourceTree = BUILT_PRODUCTS_DIR; };
		8EE6595884A6E5DFE3540DDA /* Pods-Pairbutton.release.xcconfig */ = {isa = PBXFileReference; includeInIndex = 1; lastKnownFileType = text.xcconfig; name = "Pods-Pairbutton.release.xcconfig"; path = "Pods/Target Support Files/Pods-Pairbutton/Pods-Pairbutton.release.xcconfig"; sourceTree = "<group>"; };
		B8FD9B237894C69B4C1CC1EB /* Pods-Pairbutton.debug.xcconfig */ = {isa = PBXFileReference; includeInIndex = 1; lastKnownFileType = text.xcconfig; name = "Pods-Pairbutton.debug.xcconfig"; path = "Pods/Target Support Files/Pods-Pairbutton/Pods-Pairbutton.debug.xcconfig"; sourceTree = "<group>"; };
/* End PBXFileReference section */

/* Begin PBXFrameworksBuildPhase section */
		363C4ADE1A1382EA005D2DAB /* Frameworks */ = {
			isa = PBXFrameworksBuildPhase;
			buildActionMask = 2147483647;
			files = (
				D5F7389ED58D1F19E1122BC8 /* libPods-Pairbutton.a in Frameworks */,
			);
			runOnlyForDeploymentPostprocessing = 0;
		};
/* End PBXFrameworksBuildPhase section */

/* Begin PBXGroup section */
		363C4AD81A1382EA005D2DAB = {
			isa = PBXGroup;
			children = (
				363C4AE31A1382EA005D2DAB /* Pairbutton */,
				3677014E1A171C6300773DA9 /* Vendor */,
				363C4AE21A1382EA005D2DAB /* Products */,
				DA181758C5E50DE983283645 /* Pods */,
				5D98D09B63F979DEF91FA9FA /* Frameworks */,
			);
			sourceTree = "<group>";
		};
		363C4AE21A1382EA005D2DAB /* Products */ = {
			isa = PBXGroup;
			children = (
				363C4AE11A1382EA005D2DAB /* Pairbutton.app */,
			);
			name = Products;
			sourceTree = "<group>";
		};
		363C4AE31A1382EA005D2DAB /* Pairbutton */ = {
			isa = PBXGroup;
			children = (
				3677E5531A2B0F4800B7771F /* Helpers */,
				36F6B30A1A23C20A00E391F5 /* App Delegate */,
				36F6B30D1A23C21700E391F5 /* Models */,
				36F6B30B1A23C21200E391F5 /* Views */,
				36F6B30C1A23C21400E391F5 /* Controllers */,
				36F6B30E1A23C26600E391F5 /* Resources */,
				363C4AE41A1382EA005D2DAB /* Supporting Files */,
			);
			path = Pairbutton;
			sourceTree = "<group>";
		};
		363C4AE41A1382EA005D2DAB /* Supporting Files */ = {
			isa = PBXGroup;
			children = (
				36C159EA1A15E95D00A8BA60 /* Pairbutton-Bridging-Header.h */,
				363C4AE51A1382EA005D2DAB /* Info.plist */,
			);
			path = "Supporting Files";
			sourceTree = "<group>";
		};
		3677014E1A171C6300773DA9 /* Vendor */ = {
			isa = PBXGroup;
			children = (
				36F6B3051A23BBEE00E391F5 /* VDKQueue */,
			);
			path = Vendor;
			sourceTree = "<group>";
		};
		3677E5531A2B0F4800B7771F /* Helpers */ = {
			isa = PBXGroup;
			children = (
				3677E5541A2B0F5600B7771F /* StringMD5.swift */,
			);
			name = Helpers;
			sourceTree = "<group>";
		};
		36F6B3051A23BBEE00E391F5 /* VDKQueue */ = {
			isa = PBXGroup;
			children = (
				36F6B3021A23B9F500E391F5 /* VDKQueue.h */,
				36F6B3031A23B9F500E391F5 /* VDKQueue.m */,
			);
			name = VDKQueue;
			sourceTree = "<group>";
		};
		36F6B30A1A23C20A00E391F5 /* App Delegate */ = {
			isa = PBXGroup;
			children = (
				363C4AE61A1382EA005D2DAB /* AppDelegate.swift */,
			);
			path = "App Delegate";
			sourceTree = "<group>";
		};
		36F6B30B1A23C21200E391F5 /* Views */ = {
			isa = PBXGroup;
			children = (
				363C4AEC1A1382EA005D2DAB /* Main.storyboard */,
			);
			path = Views;
			sourceTree = "<group>";
		};
		36F6B30C1A23C21400E391F5 /* Controllers */ = {
			isa = PBXGroup;
			children = (
				363C4AE81A1382EA005D2DAB /* ViewController.swift */,
			);
			path = Controllers;
			sourceTree = "<group>";
		};
		36F6B30D1A23C21700E391F5 /* Models */ = {
			isa = PBXGroup;
			children = (
				36DFD17F1A14840C00B8C40C /* WatchedFile.swift */,
			);
			path = Models;
			sourceTree = "<group>";
		};
		36F6B30E1A23C26600E391F5 /* Resources */ = {
			isa = PBXGroup;
			children = (
				363C4AEA1A1382EA005D2DAB /* Images.xcassets */,
			);
			path = Resources;
			sourceTree = "<group>";
		};
		5D98D09B63F979DEF91FA9FA /* Frameworks */ = {
			isa = PBXGroup;
			children = (
				7B2263081F81E61041960341 /* libPods-Pairbutton.a */,
			);
			name = Frameworks;
			sourceTree = "<group>";
		};
		DA181758C5E50DE983283645 /* Pods */ = {
			isa = PBXGroup;
			children = (
				B8FD9B237894C69B4C1CC1EB /* Pods-Pairbutton.debug.xcconfig */,
				8EE6595884A6E5DFE3540DDA /* Pods-Pairbutton.release.xcconfig */,
			);
			name = Pods;
			sourceTree = "<group>";
		};
/* End PBXGroup section */

/* Begin PBXNativeTarget section */
		363C4AE01A1382EA005D2DAB /* Pairbutton */ = {
			isa = PBXNativeTarget;
			buildConfigurationList = 363C4AFD1A1382EA005D2DAB /* Build configuration list for PBXNativeTarget "Pairbutton" */;
			buildPhases = (
				C7BF7A7A8AE9D6C0AE0D3F43 /* Check Pods Manifest.lock */,
				363C4ADD1A1382EA005D2DAB /* Sources */,
				363C4ADE1A1382EA005D2DAB /* Frameworks */,
				363C4ADF1A1382EA005D2DAB /* Resources */,
				36BFD9781A175E9E00D6BDD5 /* Copy Frameworks */,
				5A1DFE6271CA973BF1AB49CB /* Copy Pods Resources */,
			);
			buildRules = (
			);
			dependencies = (
			);
			name = Pairbutton;
			productName = Pairbutton;
			productReference = 363C4AE11A1382EA005D2DAB /* Pairbutton.app */;
			productType = "com.apple.product-type.application";
		};
/* End PBXNativeTarget section */

/* Begin PBXProject section */
		363C4AD91A1382EA005D2DAB /* Project object */ = {
			isa = PBXProject;
			attributes = {
				LastUpgradeCheck = 0610;
				ORGANIZATIONNAME = "Kestrel Development";
				TargetAttributes = {
					363C4AE01A1382EA005D2DAB = {
						CreatedOnToolsVersion = 6.1;
					};
				};
			};
			buildConfigurationList = 363C4ADC1A1382EA005D2DAB /* Build configuration list for PBXProject "Pairbutton" */;
			compatibilityVersion = "Xcode 3.2";
			developmentRegion = English;
			hasScannedForEncodings = 0;
			knownRegions = (
				en,
				Base,
				English,
			);
			mainGroup = 363C4AD81A1382EA005D2DAB;
			productRefGroup = 363C4AE21A1382EA005D2DAB /* Products */;
			projectDirPath = "";
			projectRoot = "";
			targets = (
				363C4AE01A1382EA005D2DAB /* Pairbutton */,
			);
		};
/* End PBXProject section */

/* Begin PBXResourcesBuildPhase section */
		363C4ADF1A1382EA005D2DAB /* Resources */ = {
			isa = PBXResourcesBuildPhase;
			buildActionMask = 2147483647;
			files = (
				363C4AEB1A1382EA005D2DAB /* Images.xcassets in Resources */,
				363C4AEE1A1382EA005D2DAB /* Main.storyboard in Resources */,
			);
			runOnlyForDeploymentPostprocessing = 0;
		};
/* End PBXResourcesBuildPhase section */

/* Begin PBXShellScriptBuildPhase section */
		5A1DFE6271CA973BF1AB49CB /* Copy Pods Resources */ = {
			isa = PBXShellScriptBuildPhase;
			buildActionMask = 2147483647;
			files = (
			);
			inputPaths = (
			);
			name = "Copy Pods Resources";
			outputPaths = (
			);
			runOnlyForDeploymentPostprocessing = 0;
			shellPath = /bin/sh;
			shellScript = "\"${SRCROOT}/Pods/Target Support Files/Pods-Pairbutton/Pods-Pairbutton-resources.sh\"\n";
			showEnvVarsInLog = 0;
		};
		C7BF7A7A8AE9D6C0AE0D3F43 /* Check Pods Manifest.lock */ = {
			isa = PBXShellScriptBuildPhase;
			buildActionMask = 2147483647;
			files = (
			);
			inputPaths = (
			);
			name = "Check Pods Manifest.lock";
			outputPaths = (
			);
			runOnlyForDeploymentPostprocessing = 0;
			shellPath = /bin/sh;
			shellScript = "diff \"${PODS_ROOT}/../Podfile.lock\" \"${PODS_ROOT}/Manifest.lock\" > /dev/null\nif [[ $? != 0 ]] ; then\n    cat << EOM\nerror: The sandbox is not in sync with the Podfile.lock. Run 'pod install' or update your CocoaPods installation.\nEOM\n    exit 1\nfi\n";
			showEnvVarsInLog = 0;
		};
/* End PBXShellScriptBuildPhase section */

/* Begin PBXSourcesBuildPhase section */
		363C4ADD1A1382EA005D2DAB /* Sources */ = {
			isa = PBXSourcesBuildPhase;
			buildActionMask = 2147483647;
			files = (
				3677E5551A2B0F5600B7771F /* StringMD5.swift in Sources */,
				36DFD1801A14840C00B8C40C /* WatchedFile.swift in Sources */,
				363C4AE91A1382EA005D2DAB /* ViewController.swift in Sources */,
				363C4AE71A1382EA005D2DAB /* AppDelegate.swift in Sources */,
				36F6B3041A23B9F500E391F5 /* VDKQueue.m in Sources */,
			);
			runOnlyForDeploymentPostprocessing = 0;
		};
/* End PBXSourcesBuildPhase section */

/* Begin PBXVariantGroup section */
		363C4AEC1A1382EA005D2DAB /* Main.storyboard */ = {
			isa = PBXVariantGroup;
			children = (
				363C4AED1A1382EA005D2DAB /* Base */,
			);
			name = Main.storyboard;
			sourceTree = "<group>";
		};
/* End PBXVariantGroup section */

/* Begin XCBuildConfiguration section */
		363C4AFB1A1382EA005D2DAB /* Debug */ = {
			isa = XCBuildConfiguration;
			buildSettings = {
				ALWAYS_SEARCH_USER_PATHS = NO;
				CLANG_CXX_LANGUAGE_STANDARD = "gnu++0x";
				CLANG_CXX_LIBRARY = "libc++";
				CLANG_ENABLE_MODULES = YES;
				CLANG_ENABLE_OBJC_ARC = YES;
				CLANG_WARN_BOOL_CONVERSION = YES;
				CLANG_WARN_CONSTANT_CONVERSION = YES;
				CLANG_WARN_DIRECT_OBJC_ISA_USAGE = YES_ERROR;
				CLANG_WARN_EMPTY_BODY = YES;
				CLANG_WARN_ENUM_CONVERSION = YES;
				CLANG_WARN_INT_CONVERSION = YES;
				CLANG_WARN_OBJC_ROOT_CLASS = YES_ERROR;
				CLANG_WARN_UNREACHABLE_CODE = YES;
				CLANG_WARN__DUPLICATE_METHOD_MATCH = YES;
				CODE_SIGN_IDENTITY = "-";
				COPY_PHASE_STRIP = NO;
				ENABLE_STRICT_OBJC_MSGSEND = YES;
				GCC_C_LANGUAGE_STANDARD = gnu99;
				GCC_DYNAMIC_NO_PIC = NO;
				GCC_OPTIMIZATION_LEVEL = 0;
				GCC_PREPROCESSOR_DEFINITIONS = (
					"DEBUG=1",
					"$(inherited)",
				);
				GCC_SYMBOLS_PRIVATE_EXTERN = NO;
				GCC_WARN_64_TO_32_BIT_CONVERSION = YES;
				GCC_WARN_ABOUT_RETURN_TYPE = YES_ERROR;
				GCC_WARN_UNDECLARED_SELECTOR = YES;
				GCC_WARN_UNINITIALIZED_AUTOS = YES_AGGRESSIVE;
				GCC_WARN_UNUSED_FUNCTION = YES;
				GCC_WARN_UNUSED_VARIABLE = YES;
				MACOSX_DEPLOYMENT_TARGET = 10.10;
				MTL_ENABLE_DEBUG_INFO = YES;
				ONLY_ACTIVE_ARCH = YES;
				SDKROOT = macosx;
				SWIFT_OPTIMIZATION_LEVEL = "-Onone";
			};
			name = Debug;
		};
		363C4AFC1A1382EA005D2DAB /* Release */ = {
			isa = XCBuildConfiguration;
			buildSettings = {
				ALWAYS_SEARCH_USER_PATHS = NO;
				CLANG_CXX_LANGUAGE_STANDARD = "gnu++0x";
				CLANG_CXX_LIBRARY = "libc++";
				CLANG_ENABLE_MODULES = YES;
				CLANG_ENABLE_OBJC_ARC = YES;
				CLANG_WARN_BOOL_CONVERSION = YES;
				CLANG_WARN_CONSTANT_CONVERSION = YES;
				CLANG_WARN_DIRECT_OBJC_ISA_USAGE = YES_ERROR;
				CLANG_WARN_EMPTY_BODY = YES;
				CLANG_WARN_ENUM_CONVERSION = YES;
				CLANG_WARN_INT_CONVERSION = YES;
				CLANG_WARN_OBJC_ROOT_CLASS = YES_ERROR;
				CLANG_WARN_UNREACHABLE_CODE = YES;
				CLANG_WARN__DUPLICATE_METHOD_MATCH = YES;
				CODE_SIGN_IDENTITY = "-";
				COPY_PHASE_STRIP = YES;
				DEBUG_INFORMATION_FORMAT = "dwarf-with-dsym";
				ENABLE_NS_ASSERTIONS = NO;
				ENABLE_STRICT_OBJC_MSGSEND = YES;
				GCC_C_LANGUAGE_STANDARD = gnu99;
				GCC_WARN_64_TO_32_BIT_CONVERSION = YES;
				GCC_WARN_ABOUT_RETURN_TYPE = YES_ERROR;
				GCC_WARN_UNDECLARED_SELECTOR = YES;
				GCC_WARN_UNINITIALIZED_AUTOS = YES_AGGRESSIVE;
				GCC_WARN_UNUSED_FUNCTION = YES;
				GCC_WARN_UNUSED_VARIABLE = YES;
				MACOSX_DEPLOYMENT_TARGET = 10.10;
				MTL_ENABLE_DEBUG_INFO = NO;
				SDKROOT = macosx;
			};
			name = Release;
		};
		363C4AFE1A1382EA005D2DAB /* Debug */ = {
			isa = XCBuildConfiguration;
			baseConfigurationReference = B8FD9B237894C69B4C1CC1EB /* Pods-Pairbutton.debug.xcconfig */;
			buildSettings = {
				ASSETCATALOG_COMPILER_APPICON_NAME = AppIcon;
				CLANG_ENABLE_MODULES = YES;
				COMBINE_HIDPI_IMAGES = YES;
				FRAMEWORK_SEARCH_PATHS = (
					"$(inherited)",
					"$(PROJECT_DIR)/Pairbutton",
				);
				INFOPLIST_FILE = "Pairbutton/Supporting Files/Info.plist";
				LD_RUNPATH_SEARCH_PATHS = "$(inherited) @executable_path/../Frameworks";
				PRODUCT_NAME = "$(TARGET_NAME)";
				SWIFT_OBJC_BRIDGING_HEADER = "Pairbutton/Supporting Files/Pairbutton-Bridging-Header.h";
				SWIFT_OPTIMIZATION_LEVEL = "-Onone";
			};
			name = Debug;
		};
		363C4AFF1A1382EA005D2DAB /* Release */ = {
			isa = XCBuildConfiguration;
			baseConfigurationReference = 8EE6595884A6E5DFE3540DDA /* Pods-Pairbutton.release.xcconfig */;
			buildSettings = {
				ASSETCATALOG_COMPILER_APPICON_NAME = AppIcon;
				CLANG_ENABLE_MODULES = YES;
				COMBINE_HIDPI_IMAGES = YES;
				FRAMEWORK_SEARCH_PATHS = (
					"$(inherited)",
					"$(PROJECT_DIR)/Pairbutton",
				);
				INFOPLIST_FILE = "Pairbutton/Supporting Files/Info.plist";
				LD_RUNPATH_SEARCH_PATHS = "$(inherited) @executable_path/../Frameworks";
				PRODUCT_NAME = "$(TARGET_NAME)";
				SWIFT_OBJC_BRIDGING_HEADER = "Pairbutton/Supporting Files/Pairbutton-Bridging-Header.h";
			};
			name = Release;
		};
/* End XCBuildConfiguration section */

/* Begin XCConfigurationList section */
		363C4ADC1A1382EA005D2DAB /* Build configuration list for PBXProject "Pairbutton" */ = {
			isa = XCConfigurationList;
			buildConfigurations = (
				363C4AFB1A1382EA005D2DAB /* Debug */,
				363C4AFC1A1382EA005D2DAB /* Release */,
			);
			defaultConfigurationIsVisible = 0;
			defaultConfigurationName = Release;
		};
		363C4AFD1A1382EA005D2DAB /* Build configuration list for PBXNativeTarget "Pairbutton" */ = {
			isa = XCConfigurationList;
			buildConfigurations = (
				363C4AFE1A1382EA005D2DAB /* Debug */,
				363C4AFF1A1382EA005D2DAB /* Release */,
			);
			defaultConfigurationIsVisible = 0;
			defaultConfigurationName = Release;
		};
/* End XCConfigurationList section */
	};
	rootObject = 363C4AD91A1382EA005D2DAB /* Project object */;
}
